
Microsoft Visual Studio Solution File, Format Version 12.00
# Visual Studio 15
VisualStudioVersion = 15.0.28307.136
MinimumVisualStudioVersion = 10.0.40219.1
Project("{FAE04EC0-301F-11D3-BF4B-00C04F79EFBC}") = "Sudoku", "Sudoku\Sudoku.csproj", "{72134AA0-D296-4022-8A12-2799998E2629}"
EndProject
Global
	GlobalSection(SolutionConfigurationPlatforms) = preSolution
		Debug|Any CPU = Debug|Any CPU
		Release|Any CPU = Release|Any CPU
	EndGlobalSection
	GlobalSection(ProjectConfigurationPlatforms) = postSolution
		{72134AA0-D296-4022-8A12-2799998E2629}.Debug|Any CPU.ActiveCfg = Debug|Any CPU
		{72134AA0-D296-4022-8A12-2799998E2629}.Debug|Any CPU.Build.0 = Debug|Any CPU
		{72134AA0-D296-4022-8A12-2799998E2629}.Release|Any CPU.ActiveCfg = Release|Any CPU
		{72134AA0-D296-4022-8A12-2799998E2629}.Release|Any CPU.Build.0 = Release|Any CPU
	EndGlobalSection
	GlobalSection(SolutionProperties) = preSolution
		HideSolutionNode = FALSE
	EndGlobalSection
	GlobalSection(ExtensibilityGlobals) = postSolution
		SolutionGuid = {40100D84-8331-43DB-A5DF-35F4C1B23DA2}
	EndGlobalSection
EndGlobal
